
Microsoft Visual Studio Solution File, Format Version 12.00
# Visual Studio Version 17
VisualStudioVersion = 17.3.32825.248
MinimumVisualStudioVersion = 10.0.40219.1
Project("{FAE04EC0-301F-11D3-BF4B-00C04F79EFBC}") = "SalesWebMvc", "SalesWebMvc\SalesWebMvc.csproj", "{B431D296-D113-4235-A072-6D1BCB057B1B}"
EndProject
Global
	GlobalSection(SolutionConfigurationPlatforms) = preSolution
		Debug|Any CPU = Debug|Any CPU
		Release|Any CPU = Release|Any CPU
	EndGlobalSection
	GlobalSection(ProjectConfigurationPlatforms) = postSolution
		{B431D296-D113-4235-A072-6D1BCB057B1B}.Debug|Any CPU.ActiveCfg = Debug|Any CPU
		{B431D296-D113-4235-A072-6D1BCB057B1B}.Debug|Any CPU.Build.0 = Debug|Any CPU
		{B431D296-D113-4235-A072-6D1BCB057B1B}.Release|Any CPU.ActiveCfg = Release|Any CPU
		{B431D296-D113-4235-A072-6D1BCB057B1B}.Release|Any CPU.Build.0 = Release|Any CPU
	EndGlobalSection
	GlobalSection(SolutionProperties) = preSolution
		HideSolutionNode = FALSE
	EndGlobalSection
	GlobalSection(ExtensibilityGlobals) = postSolution
		SolutionGuid = {8CFEE870-8B4C-447D-AE16-E4D6DF184FF7}
	EndGlobalSection
EndGlobal
